
Microsoft Visual Studio Solution File, Format Version 12.00
# Visual Studio Version 17
VisualStudioVersion = 17.8.34330.188
MinimumVisualStudioVersion = 10.0.40219.1
Project("{FAE04EC0-301F-11D3-BF4B-00C04F79EFBC}") = "CommerceNet", "CommerceNet\CommerceNet.csproj", "{FB68C195-AB71-45EA-AE67-AC2833094A71}"
	ProjectSection(ProjectDependencies) = postProject
		{E54A525B-C883-4BC3-80A5-919E41A8FCA2} = {E54A525B-C883-4BC3-80A5-919E41A8FCA2}
	EndProjectSection
EndProject
Project("{FAE04EC0-301F-11D3-BF4B-00C04F79EFBC}") = "Data", "Data\Data.csproj", "{E54A525B-C883-4BC3-80A5-919E41A8FCA2}"
EndProject
Project("{FAE04EC0-301F-11D3-BF4B-00C04F79EFBC}") = "Business", "Business\Business.csproj", "{ABA95181-D7D1-4DB7-8F9C-05D44A80EAE6}"
EndProject
Global
	GlobalSection(SolutionConfigurationPlatforms) = preSolution
		Debug|Any CPU = Debug|Any CPU
		Release|Any CPU = Release|Any CPU
	EndGlobalSection
	GlobalSection(ProjectConfigurationPlatforms) = postSolution
		{FB68C195-AB71-45EA-AE67-AC2833094A71}.Debug|Any CPU.ActiveCfg = Debug|Any CPU
		{FB68C195-AB71-45EA-AE67-AC2833094A71}.Debug|Any CPU.Build.0 = Debug|Any CPU
		{FB68C195-AB71-45EA-AE67-AC2833094A71}.Release|Any CPU.ActiveCfg = Release|Any CPU
		{FB68C195-AB71-45EA-AE67-AC2833094A71}.Release|Any CPU.Build.0 = Release|Any CPU
		{E54A525B-C883-4BC3-80A5-919E41A8FCA2}.Debug|Any CPU.ActiveCfg = Debug|Any CPU
		{E54A525B-C883-4BC3-80A5-919E41A8FCA2}.Debug|Any CPU.Build.0 = Debug|Any CPU
		{E54A525B-C883-4BC3-80A5-919E41A8FCA2}.Release|Any CPU.ActiveCfg = Release|Any CPU
		{E54A525B-C883-4BC3-80A5-919E41A8FCA2}.Release|Any CPU.Build.0 = Release|Any CPU
		{ABA95181-D7D1-4DB7-8F9C-05D44A80EAE6}.Debug|Any CPU.ActiveCfg = Debug|Any CPU
		{ABA95181-D7D1-4DB7-8F9C-05D44A80EAE6}.Debug|Any CPU.Build.0 = Debug|Any CPU
		{ABA95181-D7D1-4DB7-8F9C-05D44A80EAE6}.Release|Any CPU.ActiveCfg = Release|Any CPU
		{ABA95181-D7D1-4DB7-8F9C-05D44A80EAE6}.Release|Any CPU.Build.0 = Release|Any CPU
	EndGlobalSection
	GlobalSection(SolutionProperties) = preSolution
		HideSolutionNode = FALSE
	EndGlobalSection
	GlobalSection(ExtensibilityGlobals) = postSolution
		SolutionGuid = {A590570A-F560-4E81-B345-113DC984CF7F}
	EndGlobalSection
EndGlobal
